
Microsoft Visual Studio Solution File, Format Version 12.00
# Visual Studio Version 17
VisualStudioVersion = 17.11.35327.3
MinimumVisualStudioVersion = 10.0.40219.1
Project("{9A19103F-16F7-4668-BE54-9A1E7A4F7556}") = "OptiWash", "OptiWash.csproj", "{E9EE54E3-6AE9-49B6-A81B-4DC3508D3147}"
EndProject
Project("{FAE04EC0-301F-11D3-BF4B-00C04F79EFBC}") = "OptiWash.Tests", "..\OptiWash.Tests\OptiWash.Tests.csproj", "{FF038691-1743-4F85-9138-06EF5F85B063}"
EndProject
Global
	GlobalSection(SolutionConfigurationPlatforms) = preSolution
		Debug|Any CPU = Debug|Any CPU
		Release|Any CPU = Release|Any CPU
	EndGlobalSection
	GlobalSection(ProjectConfigurationPlatforms) = postSolution
		{E9EE54E3-6AE9-49B6-A81B-4DC3508D3147}.Debug|Any CPU.ActiveCfg = Debug|Any CPU
		{E9EE54E3-6AE9-49B6-A81B-4DC3508D3147}.Debug|Any CPU.Build.0 = Debug|Any CPU
		{E9EE54E3-6AE9-49B6-A81B-4DC3508D3147}.Release|Any CPU.ActiveCfg = Release|Any CPU
		{E9EE54E3-6AE9-49B6-A81B-4DC3508D3147}.Release|Any CPU.Build.0 = Release|Any CPU
		{FF038691-1743-4F85-9138-06EF5F85B063}.Debug|Any CPU.ActiveCfg = Debug|Any CPU
		{FF038691-1743-4F85-9138-06EF5F85B063}.Debug|Any CPU.Build.0 = Debug|Any CPU
		{FF038691-1743-4F85-9138-06EF5F85B063}.Release|Any CPU.ActiveCfg = Release|Any CPU
		{FF038691-1743-4F85-9138-06EF5F85B063}.Release|Any CPU.Build.0 = Release|Any CPU
	EndGlobalSection
	GlobalSection(SolutionProperties) = preSolution
		HideSolutionNode = FALSE
	EndGlobalSection
	GlobalSection(ExtensibilityGlobals) = postSolution
		SolutionGuid = {01D280F7-938C-465F-A77F-76D14119BFFD}
	EndGlobalSection
EndGlobal
