
Microsoft Visual Studio Solution File, Format Version 12.00
# Visual Studio Version 17
VisualStudioVersion = 17.11.35327.3
MinimumVisualStudioVersion = 10.0.40219.1
Project("{9A19103F-16F7-4668-BE54-9A1E7A4F7556}") = "OptiWash", "Optiwash\OptiWash.csproj", "{C6286B16-F7B7-4DAE-874A-F9363C9CB4CF}"
EndProject
Project("{9A19103F-16F7-4668-BE54-9A1E7A4F7556}") = "OptiWash.Tests", "OptiWash.Tests\OptiWash.Tests.csproj", "{35E647F0-1DB7-411F-97D6-8865CD7BD0B6}"
EndProject
Global
	GlobalSection(SolutionConfigurationPlatforms) = preSolution
		Debug|Any CPU = Debug|Any CPU
		Release|Any CPU = Release|Any CPU
	EndGlobalSection
	GlobalSection(ProjectConfigurationPlatforms) = postSolution
		{C6286B16-F7B7-4DAE-874A-F9363C9CB4CF}.Debug|Any CPU.ActiveCfg = Debug|Any CPU
		{C6286B16-F7B7-4DAE-874A-F9363C9CB4CF}.Debug|Any CPU.Build.0 = Debug|Any CPU
		{C6286B16-F7B7-4DAE-874A-F9363C9CB4CF}.Release|Any CPU.ActiveCfg = Release|Any CPU
		{C6286B16-F7B7-4DAE-874A-F9363C9CB4CF}.Release|Any CPU.Build.0 = Release|Any CPU
		{35E647F0-1DB7-411F-97D6-8865CD7BD0B6}.Debug|Any CPU.ActiveCfg = Debug|Any CPU
		{35E647F0-1DB7-411F-97D6-8865CD7BD0B6}.Debug|Any CPU.Build.0 = Debug|Any CPU
		{35E647F0-1DB7-411F-97D6-8865CD7BD0B6}.Release|Any CPU.ActiveCfg = Release|Any CPU
		{35E647F0-1DB7-411F-97D6-8865CD7BD0B6}.Release|Any CPU.Build.0 = Release|Any CPU
	EndGlobalSection
	GlobalSection(SolutionProperties) = preSolution
		HideSolutionNode = FALSE
	EndGlobalSection
	GlobalSection(ExtensibilityGlobals) = postSolution
		SolutionGuid = {01D280F7-938C-465F-A77F-76D14119BFFD}
	EndGlobalSection
EndGlobal
